
Microsoft Visual Studio Solution File, Format Version 12.00
# Visual Studio Version 16
VisualStudioVersion = 16.0.30114.105
MinimumVisualStudioVersion = 10.0.40219.1
Project("{2150E333-8FDC-42A3-9474-1A3956D46DE8}") = "Domain", "Domain", "{7CF66F23-50DD-4833-9C53-1EA9C7212689}"
EndProject
Project("{2150E333-8FDC-42A3-9474-1A3956D46DE8}") = "Infra.Bus", "Infra.Bus", "{FF8AF0D9-7016-4A66-B18C-10709DAE6A9E}"
EndProject
Project("{2150E333-8FDC-42A3-9474-1A3956D46DE8}") = "Infra.IoC", "Infra.IoC", "{058583AA-0C17-41A4-A600-0DA7DDDB81B1}"
EndProject
Project("{2150E333-8FDC-42A3-9474-1A3956D46DE8}") = "Microservices", "Microservices", "{6EF78E20-A0A2-442D-A9E1-8015A098DF3C}"
EndProject
Project("{9A19103F-16F7-4668-BE54-9A1E7A4F7556}") = "MicroserviceRabbitMQ.Domain.Core", "MicroserviceRabbitMQ.Domain.Core\MicroserviceRabbitMQ.Domain.Core.csproj", "{96199773-B561-4DFE-AFB0-D2244E985002}"
EndProject
Project("{9A19103F-16F7-4668-BE54-9A1E7A4F7556}") = "MicroserviceRabbitMQ.Infra.Bus", "MicroserviceRabbitMQ.Infra.Bus\MicroserviceRabbitMQ.Infra.Bus.csproj", "{2E850587-285C-4291-B181-EFD1DF393FE0}"
EndProject
Project("{9A19103F-16F7-4668-BE54-9A1E7A4F7556}") = "MicroserviceRabbitMQ.Infra.IoC", "MicroserviceRabbitMQ.Infra.IoC\MicroserviceRabbitMQ.Infra.IoC.csproj", "{C63D2930-FD4A-4742-8559-F62280C8FC17}"
EndProject
Project("{2150E333-8FDC-42A3-9474-1A3956D46DE8}") = "Banking", "Banking", "{28041083-64FF-463E-823B-E4594D1BA90C}"
EndProject
Project("{2150E333-8FDC-42A3-9474-1A3956D46DE8}") = "Api", "Api", "{893F73FB-9C72-48F8-9653-4D3679AC55FF}"
EndProject
Project("{2150E333-8FDC-42A3-9474-1A3956D46DE8}") = "Domain", "Domain", "{0E49528B-9718-413B-9995-E0A539A4F8D1}"
EndProject
Project("{2150E333-8FDC-42A3-9474-1A3956D46DE8}") = "Application", "Application", "{93799A70-7DFC-41B4-A472-2392F2D0DAA3}"
EndProject
Project("{2150E333-8FDC-42A3-9474-1A3956D46DE8}") = "Data", "Data", "{A34FF0BF-057D-4D47-A4E6-239B6E0AC57C}"
EndProject
Project("{9A19103F-16F7-4668-BE54-9A1E7A4F7556}") = "MicroserviceRabbitMQ.Banking.Api", "MicroserviceRabbitMQ.Banking.Api\MicroserviceRabbitMQ.Banking.Api.csproj", "{F9C747C7-F013-41F8-ADD7-D437EA5A75FF}"
EndProject
Project("{9A19103F-16F7-4668-BE54-9A1E7A4F7556}") = "MicroserviceRabbitMQ.Banking.Application", "MicroserviceRabbitMQ.Banking.Application\MicroserviceRabbitMQ.Banking.Application.csproj", "{E20CA969-56DA-4D6E-BD62-49E9767A17D7}"
EndProject
Project("{9A19103F-16F7-4668-BE54-9A1E7A4F7556}") = "MicroserviceRabbitMQ.Banking.Data", "MicroserviceRabbitMQ.Banking.Data\MicroserviceRabbitMQ.Banking.Data.csproj", "{99634742-2492-44A9-A683-6CDE977BFD3A}"
EndProject
Project("{9A19103F-16F7-4668-BE54-9A1E7A4F7556}") = "MicroserviceRabbitMQ.Banking.Domain", "MicroserviceRabbitMQ.Banking.Domain\MicroserviceRabbitMQ.Banking.Domain.csproj", "{51840784-5E06-48DB-AAFF-713FF2ABCE17}"
EndProject
Project("{2150E333-8FDC-42A3-9474-1A3956D46DE8}") = "Transfer", "Transfer", "{D1767E57-1EDE-4918-AA9E-D143FC628DC3}"
EndProject
Project("{2150E333-8FDC-42A3-9474-1A3956D46DE8}") = "Api", "Api", "{09C6B7FD-7C27-4D7C-96BC-DA9BA6D6E222}"
EndProject
Project("{2150E333-8FDC-42A3-9474-1A3956D46DE8}") = "Application", "Application", "{695F1C76-F84B-44F7-8471-1C5B8233D164}"
EndProject
Project("{2150E333-8FDC-42A3-9474-1A3956D46DE8}") = "Data", "Data", "{744CAF04-F506-44A0-890F-DA99425A215D}"
EndProject
Project("{2150E333-8FDC-42A3-9474-1A3956D46DE8}") = "Domain", "Domain", "{F26E9C36-A98E-4923-95C5-E0ED5D38B1B7}"
EndProject
Project("{FAE04EC0-301F-11D3-BF4B-00C04F79EFBC}") = "MicroserviceRabbitMQ.Transfer.Api", "MicroserviceRabbitMQ.Transfer.Api\MicroserviceRabbitMQ.Transfer.Api.csproj", "{398BEBB9-C584-41CA-96AC-89BD88177DEA}"
EndProject
Project("{FAE04EC0-301F-11D3-BF4B-00C04F79EFBC}") = "MicroserviceRabbitMQ.Transfer.Application", "MicroserviceRabbitMQ.Transfer.Application\MicroserviceRabbitMQ.Transfer.Application.csproj", "{69A1CF05-5357-4F81-B691-EF48E162D642}"
EndProject
Project("{FAE04EC0-301F-11D3-BF4B-00C04F79EFBC}") = "MicroserviceRabbitMQ.Transfer.Data", "MicroserviceRabbitMQ.Transfer.Data\MicroserviceRabbitMQ.Transfer.Data.csproj", "{2BA992F4-393F-438C-9AD7-675B4E01513A}"
EndProject
Project("{FAE04EC0-301F-11D3-BF4B-00C04F79EFBC}") = "MicroserviceRabbitMQ.Transfer.Domain", "MicroserviceRabbitMQ.Transfer.Domain\MicroserviceRabbitMQ.Transfer.Domain.csproj", "{7D7286E3-540E-407E-A866-482F569EDA7C}"
EndProject
Global
	GlobalSection(SolutionConfigurationPlatforms) = preSolution
		Debug|Any CPU = Debug|Any CPU
		Release|Any CPU = Release|Any CPU
	EndGlobalSection
	GlobalSection(ProjectConfigurationPlatforms) = postSolution
		{96199773-B561-4DFE-AFB0-D2244E985002}.Debug|Any CPU.ActiveCfg = Debug|Any CPU
		{96199773-B561-4DFE-AFB0-D2244E985002}.Debug|Any CPU.Build.0 = Debug|Any CPU
		{96199773-B561-4DFE-AFB0-D2244E985002}.Release|Any CPU.ActiveCfg = Release|Any CPU
		{96199773-B561-4DFE-AFB0-D2244E985002}.Release|Any CPU.Build.0 = Release|Any CPU
		{2E850587-285C-4291-B181-EFD1DF393FE0}.Debug|Any CPU.ActiveCfg = Debug|Any CPU
		{2E850587-285C-4291-B181-EFD1DF393FE0}.Debug|Any CPU.Build.0 = Debug|Any CPU
		{2E850587-285C-4291-B181-EFD1DF393FE0}.Release|Any CPU.ActiveCfg = Release|Any CPU
		{2E850587-285C-4291-B181-EFD1DF393FE0}.Release|Any CPU.Build.0 = Release|Any CPU
		{C63D2930-FD4A-4742-8559-F62280C8FC17}.Debug|Any CPU.ActiveCfg = Debug|Any CPU
		{C63D2930-FD4A-4742-8559-F62280C8FC17}.Debug|Any CPU.Build.0 = Debug|Any CPU
		{C63D2930-FD4A-4742-8559-F62280C8FC17}.Release|Any CPU.ActiveCfg = Release|Any CPU
		{C63D2930-FD4A-4742-8559-F62280C8FC17}.Release|Any CPU.Build.0 = Release|Any CPU
		{F9C747C7-F013-41F8-ADD7-D437EA5A75FF}.Debug|Any CPU.ActiveCfg = Debug|Any CPU
		{F9C747C7-F013-41F8-ADD7-D437EA5A75FF}.Debug|Any CPU.Build.0 = Debug|Any CPU
		{F9C747C7-F013-41F8-ADD7-D437EA5A75FF}.Release|Any CPU.ActiveCfg = Release|Any CPU
		{F9C747C7-F013-41F8-ADD7-D437EA5A75FF}.Release|Any CPU.Build.0 = Release|Any CPU
		{E20CA969-56DA-4D6E-BD62-49E9767A17D7}.Debug|Any CPU.ActiveCfg = Debug|Any CPU
		{E20CA969-56DA-4D6E-BD62-49E9767A17D7}.Debug|Any CPU.Build.0 = Debug|Any CPU
		{E20CA969-56DA-4D6E-BD62-49E9767A17D7}.Release|Any CPU.ActiveCfg = Release|Any CPU
		{E20CA969-56DA-4D6E-BD62-49E9767A17D7}.Release|Any CPU.Build.0 = Release|Any CPU
		{99634742-2492-44A9-A683-6CDE977BFD3A}.Debug|Any CPU.ActiveCfg = Debug|Any CPU
		{99634742-2492-44A9-A683-6CDE977BFD3A}.Debug|Any CPU.Build.0 = Debug|Any CPU
		{99634742-2492-44A9-A683-6CDE977BFD3A}.Release|Any CPU.ActiveCfg = Release|Any CPU
		{99634742-2492-44A9-A683-6CDE977BFD3A}.Release|Any CPU.Build.0 = Release|Any CPU
		{51840784-5E06-48DB-AAFF-713FF2ABCE17}.Debug|Any CPU.ActiveCfg = Debug|Any CPU
		{51840784-5E06-48DB-AAFF-713FF2ABCE17}.Debug|Any CPU.Build.0 = Debug|Any CPU
		{51840784-5E06-48DB-AAFF-713FF2ABCE17}.Release|Any CPU.ActiveCfg = Release|Any CPU
		{51840784-5E06-48DB-AAFF-713FF2ABCE17}.Release|Any CPU.Build.0 = Release|Any CPU
		{398BEBB9-C584-41CA-96AC-89BD88177DEA}.Debug|Any CPU.ActiveCfg = Debug|Any CPU
		{398BEBB9-C584-41CA-96AC-89BD88177DEA}.Debug|Any CPU.Build.0 = Debug|Any CPU
		{398BEBB9-C584-41CA-96AC-89BD88177DEA}.Release|Any CPU.ActiveCfg = Release|Any CPU
		{398BEBB9-C584-41CA-96AC-89BD88177DEA}.Release|Any CPU.Build.0 = Release|Any CPU
		{69A1CF05-5357-4F81-B691-EF48E162D642}.Debug|Any CPU.ActiveCfg = Debug|Any CPU
		{69A1CF05-5357-4F81-B691-EF48E162D642}.Debug|Any CPU.Build.0 = Debug|Any CPU
		{69A1CF05-5357-4F81-B691-EF48E162D642}.Release|Any CPU.ActiveCfg = Release|Any CPU
		{69A1CF05-5357-4F81-B691-EF48E162D642}.Release|Any CPU.Build.0 = Release|Any CPU
		{2BA992F4-393F-438C-9AD7-675B4E01513A}.Debug|Any CPU.ActiveCfg = Debug|Any CPU
		{2BA992F4-393F-438C-9AD7-675B4E01513A}.Debug|Any CPU.Build.0 = Debug|Any CPU
		{2BA992F4-393F-438C-9AD7-675B4E01513A}.Release|Any CPU.ActiveCfg = Release|Any CPU
		{2BA992F4-393F-438C-9AD7-675B4E01513A}.Release|Any CPU.Build.0 = Release|Any CPU
		{7D7286E3-540E-407E-A866-482F569EDA7C}.Debug|Any CPU.ActiveCfg = Debug|Any CPU
		{7D7286E3-540E-407E-A866-482F569EDA7C}.Debug|Any CPU.Build.0 = Debug|Any CPU
		{7D7286E3-540E-407E-A866-482F569EDA7C}.Release|Any CPU.ActiveCfg = Release|Any CPU
		{7D7286E3-540E-407E-A866-482F569EDA7C}.Release|Any CPU.Build.0 = Release|Any CPU
	EndGlobalSection
	GlobalSection(SolutionProperties) = preSolution
		HideSolutionNode = FALSE
	EndGlobalSection
	GlobalSection(NestedProjects) = preSolution
		{96199773-B561-4DFE-AFB0-D2244E985002} = {7CF66F23-50DD-4833-9C53-1EA9C7212689}
		{2E850587-285C-4291-B181-EFD1DF393FE0} = {FF8AF0D9-7016-4A66-B18C-10709DAE6A9E}
		{C63D2930-FD4A-4742-8559-F62280C8FC17} = {058583AA-0C17-41A4-A600-0DA7DDDB81B1}
		{28041083-64FF-463E-823B-E4594D1BA90C} = {6EF78E20-A0A2-442D-A9E1-8015A098DF3C}
		{893F73FB-9C72-48F8-9653-4D3679AC55FF} = {28041083-64FF-463E-823B-E4594D1BA90C}
		{0E49528B-9718-413B-9995-E0A539A4F8D1} = {28041083-64FF-463E-823B-E4594D1BA90C}
		{93799A70-7DFC-41B4-A472-2392F2D0DAA3} = {28041083-64FF-463E-823B-E4594D1BA90C}
		{A34FF0BF-057D-4D47-A4E6-239B6E0AC57C} = {28041083-64FF-463E-823B-E4594D1BA90C}
		{F9C747C7-F013-41F8-ADD7-D437EA5A75FF} = {893F73FB-9C72-48F8-9653-4D3679AC55FF}
		{E20CA969-56DA-4D6E-BD62-49E9767A17D7} = {93799A70-7DFC-41B4-A472-2392F2D0DAA3}
		{99634742-2492-44A9-A683-6CDE977BFD3A} = {A34FF0BF-057D-4D47-A4E6-239B6E0AC57C}
		{51840784-5E06-48DB-AAFF-713FF2ABCE17} = {0E49528B-9718-413B-9995-E0A539A4F8D1}
		{D1767E57-1EDE-4918-AA9E-D143FC628DC3} = {6EF78E20-A0A2-442D-A9E1-8015A098DF3C}
		{09C6B7FD-7C27-4D7C-96BC-DA9BA6D6E222} = {D1767E57-1EDE-4918-AA9E-D143FC628DC3}
		{695F1C76-F84B-44F7-8471-1C5B8233D164} = {D1767E57-1EDE-4918-AA9E-D143FC628DC3}
		{744CAF04-F506-44A0-890F-DA99425A215D} = {D1767E57-1EDE-4918-AA9E-D143FC628DC3}
		{F26E9C36-A98E-4923-95C5-E0ED5D38B1B7} = {D1767E57-1EDE-4918-AA9E-D143FC628DC3}
		{398BEBB9-C584-41CA-96AC-89BD88177DEA} = {09C6B7FD-7C27-4D7C-96BC-DA9BA6D6E222}
		{69A1CF05-5357-4F81-B691-EF48E162D642} = {695F1C76-F84B-44F7-8471-1C5B8233D164}
		{2BA992F4-393F-438C-9AD7-675B4E01513A} = {744CAF04-F506-44A0-890F-DA99425A215D}
		{7D7286E3-540E-407E-A866-482F569EDA7C} = {F26E9C36-A98E-4923-95C5-E0ED5D38B1B7}
	EndGlobalSection
	GlobalSection(ExtensibilityGlobals) = postSolution
		SolutionGuid = {3FA02247-05A5-416B-9E61-4D20A0AFC06E}
	EndGlobalSection
EndGlobal
